# This file is automatically @generated by Poetry 2.1.3 and should not be changed by hand.

[[package]]
name = "networkx"
version = "3.5"
description = "Python package for creating and manipulating graphs and networks"
optional = false
python-versions = ">=3.11"
groups = ["main"]
files = [
    {file = "networkx-3.5-py3-none-any.whl", hash = "sha256:0030d386a9a06dee3565298b4a734b68589749a544acbb6c412dc9e2489ec6ec"},
    {file = "networkx-3.5.tar.gz", hash = "sha256:d4c6f9cf81f52d69230866796b82afbccdec3db7ae4fbd1b65ea750feed50037"},
]

[package.extras]
default = ["matplotlib (>=3.8)", "numpy (>=1.25)", "pandas (>=2.0)", "scipy (>=1.11.2)"]
developer = ["mypy (>=1.15)", "pre-commit (>=4.1)"]
doc = ["intersphinx-registry", "myst-nb (>=1.1)", "numpydoc (>=1.8.0)", "pillow (>=10)", "pydata-sphinx-theme (>=0.16)", "sphinx (>=8.0)", "sphinx-gallery (>=0.18)", "texext (>=0.6.7)"]
example = ["cairocffi (>=1.7)", "contextily (>=1.6)", "igraph (>=0.11)", "momepy (>=0.7.2)", "osmnx (>=2.0.0)", "scikit-learn (>=1.5)", "seaborn (>=0.13)"]
extra = ["lxml (>=4.6)", "pydot (>=3.0.1)", "pygraphviz (>=1.14)", "sympy (>=1.10)"]
test = ["pytest (>=7.2)", "pytest-cov (>=4.0)", "pytest-xdist (>=3.0)"]
test-extras = ["pytest-mpl", "pytest-randomly"]

[metadata]
lock-version = "2.1"
python-versions = ">=3.14"
content-hash = "866033086bfb0748657d5916356881b1d447a96b08e863700286fc7c6d7389cf"
